
Microsoft Visual Studio Solution File, Format Version 12.00
# Visual Studio Version 16
VisualStudioVersion = 16.0.30517.126
MinimumVisualStudioVersion = 10.0.40219.1
Project("{FAE04EC0-301F-11D3-BF4B-00C04F79EFBC}") = "Spear.NET", "Spear.NET\Spear.NET.csproj", "{5A74CC0B-D278-4D55-90AA-A8A72C9C7281}"
EndProject
Global
	GlobalSection(SolutionConfigurationPlatforms) = preSolution
		Debug|Any CPU = Debug|Any CPU
		Release|Any CPU = Release|Any CPU
	EndGlobalSection
	GlobalSection(ProjectConfigurationPlatforms) = postSolution
		{5A74CC0B-D278-4D55-90AA-A8A72C9C7281}.Debug|Any CPU.ActiveCfg = Debug|Any CPU
		{5A74CC0B-D278-4D55-90AA-A8A72C9C7281}.Debug|Any CPU.Build.0 = Debug|Any CPU
		{5A74CC0B-D278-4D55-90AA-A8A72C9C7281}.Release|Any CPU.ActiveCfg = Release|Any CPU
		{5A74CC0B-D278-4D55-90AA-A8A72C9C7281}.Release|Any CPU.Build.0 = Release|Any CPU
	EndGlobalSection
	GlobalSection(SolutionProperties) = preSolution
		HideSolutionNode = FALSE
	EndGlobalSection
	GlobalSection(ExtensibilityGlobals) = postSolution
		SolutionGuid = {37DC9F33-7A00-44D6-83EE-45EBBB10E119}
	EndGlobalSection
EndGlobal
